// !$*UTF8*$!
{
	archiveVersion = 1;
	classes = {
	};
	objectVersion = 55;
	objects = {

/* Begin PBXBuildFile section */
		6E05617F27EA1756009E06C1 /* AppDelegate.swift in Sources */ = {isa = PBXBuildFile; fileRef = 6E05617E27EA1756009E06C1 /* AppDelegate.swift */; };
		6E05618127EA1756009E06C1 /* SceneDelegate.swift in Sources */ = {isa = PBXBuildFile; fileRef = 6E05618027EA1756009E06C1 /* SceneDelegate.swift */; };
		6E05618327EA1756009E06C1 /* ViewController.swift in Sources */ = {isa = PBXBuildFile; fileRef = 6E05618227EA1756009E06C1 /* ViewController.swift */; };
		6E05618627EA1756009E06C1 /* Main.storyboard in Resources */ = {isa = PBXBuildFile; fileRef = 6E05618427EA1756009E06C1 /* Main.storyboard */; };
		6E05618827EA1758009E06C1 /* Assets.xcassets in Resources */ = {isa = PBXBuildFile; fileRef = 6E05618727EA1758009E06C1 /* Assets.xcassets */; };
		6E05618B27EA1758009E06C1 /* LaunchScreen.storyboard in Resources */ = {isa = PBXBuildFile; fileRef = 6E05618927EA1758009E06C1 /* LaunchScreen.storyboard */; };
		6E05619627EA1758009E06C1 /* DiscountAppMultiControllerTests.swift in Sources */ = {isa = PBXBuildFile; fileRef = 6E05619527EA1758009E06C1 /* DiscountAppMultiControllerTests.swift */; };
		6E0561A027EA1758009E06C1 /* DiscountAppMultiControllerUITests.swift in Sources */ = {isa = PBXBuildFile; fileRef = 6E05619F27EA1758009E06C1 /* DiscountAppMultiControllerUITests.swift */; };
		6E0561A227EA1758009E06C1 /* DiscountAppMultiControllerUITestsLaunchTests.swift in Sources */ = {isa = PBXBuildFile; fileRef = 6E0561A127EA1758009E06C1 /* DiscountAppMultiControllerUITestsLaunchTests.swift */; };
		6E0561AF27EA1938009E06C1 /* ResultViewController.swift in Sources */ = {isa = PBXBuildFile; fileRef = 6E0561AE27EA1938009E06C1 /* ResultViewController.swift */; };
/* End PBXBuildFile section */

/* Begin PBXContainerItemProxy section */
		6E05619227EA1758009E06C1 /* PBXContainerItemProxy */ = {
			isa = PBXContainerItemProxy;
			containerPortal = 6E05617327EA1756009E06C1 /* Project object */;
			proxyType = 1;
			remoteGlobalIDString = 6E05617A27EA1756009E06C1;
			remoteInfo = DiscountAppMultiController;
		};
		6E05619C27EA1758009E06C1 /* PBXContainerItemProxy */ = {
			isa = PBXContainerItemProxy;
			containerPortal = 6E05617327EA1756009E06C1 /* Project object */;
			proxyType = 1;
			remoteGlobalIDString = 6E05617A27EA1756009E06C1;
			remoteInfo = DiscountAppMultiController;
		};
/* End PBXContainerItemProxy section */

/* Begin PBXFileReference section */
		6E05617B27EA1756009E06C1 /* DiscountAppMultiController.app */ = {isa = PBXFileReference; explicitFileType = wrapper.application; includeInIndex = 0; path = DiscountAppMultiController.app; sourceTree = BUILT_PRODUCTS_DIR; };
		6E05617E27EA1756009E06C1 /* AppDelegate.swift */ = {isa = PBXFileReference; lastKnownFileType = sourcecode.swift; path = AppDelegate.swift; sourceTree = "<group>"; };
		6E05618027EA1756009E06C1 /* SceneDelegate.swift */ = {isa = PBXFileReference; lastKnownFileType = sourcecode.swift; path = SceneDelegate.swift; sourceTree = "<group>"; };
		6E05618227EA1756009E06C1 /* ViewController.swift */ = {isa = PBXFileReference; lastKnownFileType = sourcecode.swift; path = ViewController.swift; sourceTree = "<group>"; };
		6E05618527EA1756009E06C1 /* Base */ = {isa = PBXFileReference; lastKnownFileType = file.storyboard; name = Base; path = Base.lproj/Main.storyboard; sourceTree = "<group>"; };
		6E05618727EA1758009E06C1 /* Assets.xcassets */ = {isa = PBXFileReference; lastKnownFileType = folder.assetcatalog; path = Assets.xcassets; sourceTree = "<group>"; };
		6E05618A27EA1758009E06C1 /* Base */ = {isa = PBXFileReference; lastKnownFileType = file.storyboard; name = Base; path = Base.lproj/LaunchScreen.storyboard; sourceTree = "<group>"; };
		6E05618C27EA1758009E06C1 /* Info.plist */ = {isa = PBXFileReference; lastKnownFileType = text.plist.xml; path = Info.plist; sourceTree = "<group>"; };
		6E05619127EA1758009E06C1 /* DiscountAppMultiControllerTests.xctest */ = {isa = PBXFileReference; explicitFileType = wrapper.cfbundle; includeInIndex = 0; path = DiscountAppMultiControllerTests.xctest; sourceTree = BUILT_PRODUCTS_DIR; };
		6E05619527EA1758009E06C1 /* DiscountAppMultiControllerTests.swift */ = {isa = PBXFileReference; lastKnownFileType = sourcecode.swift; path = DiscountAppMultiControllerTests.swift; sourceTree = "<group>"; };
		6E05619B27EA1758009E06C1 /* DiscountAppMultiControllerUITests.xctest */ = {isa = PBXFileReference; explicitFileType = wrapper.cfbundle; includeInIndex = 0; path = DiscountAppMultiControllerUITests.xctest; sourceTree = BUILT_PRODUCTS_DIR; };
		6E05619F27EA1758009E06C1 /* DiscountAppMultiControllerUITests.swift */ = {isa = PBXFileReference; lastKnownFileType = sourcecode.swift; path = DiscountAppMultiControllerUITests.swift; sourceTree = "<group>"; };
		6E0561A127EA1758009E06C1 /* DiscountAppMultiControllerUITestsLaunchTests.swift */ = {isa = PBXFileReference; lastKnownFileType = sourcecode.swift; path = DiscountAppMultiControllerUITestsLaunchTests.swift; sourceTree = "<group>"; };
		6E0561AE27EA1938009E06C1 /* ResultViewController.swift */ = {isa = PBXFileReference; lastKnownFileType = sourcecode.swift; path = ResultViewController.swift; sourceTree = "<group>"; };
/* End PBXFileReference section */

/* Begin PBXFrameworksBuildPhase section */
		6E05617827EA1756009E06C1 /* Frameworks */ = {
			isa = PBXFrameworksBuildPhase;
			buildActionMask = 2147483647;
			files = (
			);
			runOnlyForDeploymentPostprocessing = 0;
		};
		6E05618E27EA1758009E06C1 /* Frameworks */ = {
			isa = PBXFrameworksBuildPhase;
			buildActionMask = 2147483647;
			files = (
			);
			runOnlyForDeploymentPostprocessing = 0;
		};
		6E05619827EA1758009E06C1 /* Frameworks */ = {
			isa = PBXFrameworksBuildPhase;
			buildActionMask = 2147483647;
			files = (
			);
			runOnlyForDeploymentPostprocessing = 0;
		};
/* End PBXFrameworksBuildPhase section */

/* Begin PBXGroup section */
		6E05617227EA1756009E06C1 = {
			isa = PBXGroup;
			children = (
				6E05617D27EA1756009E06C1 /* DiscountAppMultiController */,
				6E05619427EA1758009E06C1 /* DiscountAppMultiControllerTests */,
				6E05619E27EA1758009E06C1 /* DiscountAppMultiControllerUITests */,
				6E05617C27EA1756009E06C1 /* Products */,
			);
			sourceTree = "<group>";
		};
		6E05617C27EA1756009E06C1 /* Products */ = {
			isa = PBXGroup;
			children = (
				6E05617B27EA1756009E06C1 /* DiscountAppMultiController.app */,
				6E05619127EA1758009E06C1 /* DiscountAppMultiControllerTests.xctest */,
				6E05619B27EA1758009E06C1 /* DiscountAppMultiControllerUITests.xctest */,
			);
			name = Products;
			sourceTree = "<group>";
		};
		6E05617D27EA1756009E06C1 /* DiscountAppMultiController */ = {
			isa = PBXGroup;
			children = (
				6E05617E27EA1756009E06C1 /* AppDelegate.swift */,
				6E05618027EA1756009E06C1 /* SceneDelegate.swift */,
				6E05618227EA1756009E06C1 /* ViewController.swift */,
				6E05618427EA1756009E06C1 /* Main.storyboard */,
				6E05618727EA1758009E06C1 /* Assets.xcassets */,
				6E05618927EA1758009E06C1 /* LaunchScreen.storyboard */,
				6E05618C27EA1758009E06C1 /* Info.plist */,
				6E0561AE27EA1938009E06C1 /* ResultViewController.swift */,
			);
			path = DiscountAppMultiController;
			sourceTree = "<group>";
		};
		6E05619427EA1758009E06C1 /* DiscountAppMultiControllerTests */ = {
			isa = PBXGroup;
			children = (
				6E05619527EA1758009E06C1 /* DiscountAppMultiControllerTests.swift */,
			);
			path = DiscountAppMultiControllerTests;
			sourceTree = "<group>";
		};
		6E05619E27EA1758009E06C1 /* DiscountAppMultiControllerUITests */ = {
			isa = PBXGroup;
			children = (
				6E05619F27EA1758009E06C1 /* DiscountAppMultiControllerUITests.swift */,
				6E0561A127EA1758009E06C1 /* DiscountAppMultiControllerUITestsLaunchTests.swift */,
			);
			path = DiscountAppMultiControllerUITests;
			sourceTree = "<group>";
		};
/* End PBXGroup section */

/* Begin PBXNativeTarget section */
		6E05617A27EA1756009E06C1 /* DiscountAppMultiController */ = {
			isa = PBXNativeTarget;
			buildConfigurationList = 6E0561A527EA1758009E06C1 /* Build configuration list for PBXNativeTarget "DiscountAppMultiController" */;
			buildPhases = (
				6E05617727EA1756009E06C1 /* Sources */,
				6E05617827EA1756009E06C1 /* Frameworks */,
				6E05617927EA1756009E06C1 /* Resources */,
			);
			buildRules = (
			);
			dependencies = (
			);
			name = DiscountAppMultiController;
			productName = DiscountAppMultiController;
			productReference = 6E05617B27EA1756009E06C1 /* DiscountAppMultiController.app */;
			productType = "com.apple.product-type.application";
		};
		6E05619027EA1758009E06C1 /* DiscountAppMultiControllerTests */ = {
			isa = PBXNativeTarget;
			buildConfigurationList = 6E0561A827EA1758009E06C1 /* Build configuration list for PBXNativeTarget "DiscountAppMultiControllerTests" */;
			buildPhases = (
				6E05618D27EA1758009E06C1 /* Sources */,
				6E05618E27EA1758009E06C1 /* Frameworks */,
				6E05618F27EA1758009E06C1 /* Resources */,
			);
			buildRules = (
			);
			dependencies = (
				6E05619327EA1758009E06C1 /* PBXTargetDependency */,
			);
			name = DiscountAppMultiControllerTests;
			productName = DiscountAppMultiControllerTests;
			productReference = 6E05619127EA1758009E06C1 /* DiscountAppMultiControllerTests.xctest */;
			productType = "com.apple.product-type.bundle.unit-test";
		};
		6E05619A27EA1758009E06C1 /* DiscountAppMultiControllerUITests */ = {
			isa = PBXNativeTarget;
			buildConfigurationList = 6E0561AB27EA1758009E06C1 /* Build configuration list for PBXNativeTarget "DiscountAppMultiControllerUITests" */;
			buildPhases = (
				6E05619727EA1758009E06C1 /* Sources */,
				6E05619827EA1758009E06C1 /* Frameworks */,
				6E05619927EA1758009E06C1 /* Resources */,
			);
			buildRules = (
			);
			dependencies = (
				6E05619D27EA1758009E06C1 /* PBXTargetDependency */,
			);
			name = DiscountAppMultiControllerUITests;
			productName = DiscountAppMultiControllerUITests;
			productReference = 6E05619B27EA1758009E06C1 /* DiscountAppMultiControllerUITests.xctest */;
			productType = "com.apple.product-type.bundle.ui-testing";
		};
/* End PBXNativeTarget section */

/* Begin PBXProject section */
		6E05617327EA1756009E06C1 /* Project object */ = {
			isa = PBXProject;
			attributes = {
				BuildIndependentTargetsInParallel = 1;
				LastSwiftUpdateCheck = 1330;
				LastUpgradeCheck = 1330;
				TargetAttributes = {
					6E05617A27EA1756009E06C1 = {
						CreatedOnToolsVersion = 13.3;
					};
					6E05619027EA1758009E06C1 = {
						CreatedOnToolsVersion = 13.3;
						TestTargetID = 6E05617A27EA1756009E06C1;
					};
					6E05619A27EA1758009E06C1 = {
						CreatedOnToolsVersion = 13.3;
						TestTargetID = 6E05617A27EA1756009E06C1;
					};
				};
			};
			buildConfigurationList = 6E05617627EA1756009E06C1 /* Build configuration list for PBXProject "DiscountAppMultiController" */;
			compatibilityVersion = "Xcode 13.0";
			developmentRegion = en;
			hasScannedForEncodings = 0;
			knownRegions = (
				en,
				Base,
			);
			mainGroup = 6E05617227EA1756009E06C1;
			productRefGroup = 6E05617C27EA1756009E06C1 /* Products */;
			projectDirPath = "";
			projectRoot = "";
			targets = (
				6E05617A27EA1756009E06C1 /* DiscountAppMultiController */,
				6E05619027EA1758009E06C1 /* DiscountAppMultiControllerTests */,
				6E05619A27EA1758009E06C1 /* DiscountAppMultiControllerUITests */,
			);
		};
/* End PBXProject section */

/* Begin PBXResourcesBuildPhase section */
		6E05617927EA1756009E06C1 /* Resources */ = {
			isa = PBXResourcesBuildPhase;
			buildActionMask = 2147483647;
			files = (
				6E05618B27EA1758009E06C1 /* LaunchScreen.storyboard in Resources */,
				6E05618827EA1758009E06C1 /* Assets.xcassets in Resources */,
				6E05618627EA1756009E06C1 /* Main.storyboard in Resources */,
			);
			runOnlyForDeploymentPostprocessing = 0;
		};
		6E05618F27EA1758009E06C1 /* Resources */ = {
			isa = PBXResourcesBuildPhase;
			buildActionMask = 2147483647;
			files = (
			);
			runOnlyForDeploymentPostprocessing = 0;
		};
		6E05619927EA1758009E06C1 /* Resources */ = {
			isa = PBXResourcesBuildPhase;
			buildActionMask = 2147483647;
			files = (
			);
			runOnlyForDeploymentPostprocessing = 0;
		};
/* End PBXResourcesBuildPhase section */

/* Begin PBXSourcesBuildPhase section */
		6E05617727EA1756009E06C1 /* Sources */ = {
			isa = PBXSourcesBuildPhase;
			buildActionMask = 2147483647;
			files = (
				6E05618327EA1756009E06C1 /* ViewController.swift in Sources */,
				6E05617F27EA1756009E06C1 /* AppDelegate.swift in Sources */,
				6E05618127EA1756009E06C1 /* SceneDelegate.swift in Sources */,
				6E0561AF27EA1938009E06C1 /* ResultViewController.swift in Sources */,
			);
			runOnlyForDeploymentPostprocessing = 0;
		};
		6E05618D27EA1758009E06C1 /* Sources */ = {
			isa = PBXSourcesBuildPhase;
			buildActionMask = 2147483647;
			files = (
				6E05619627EA1758009E06C1 /* DiscountAppMultiControllerTests.swift in Sources */,
			);
			runOnlyForDeploymentPostprocessing = 0;
		};
		6E05619727EA1758009E06C1 /* Sources */ = {
			isa = PBXSourcesBuildPhase;
			buildActionMask = 2147483647;
			files = (
				6E0561A027EA1758009E06C1 /* DiscountAppMultiControllerUITests.swift in Sources */,
				6E0561A227EA1758009E06C1 /* DiscountAppMultiControllerUITestsLaunchTests.swift in Sources */,
			);
			runOnlyForDeploymentPostprocessing = 0;
		};
/* End PBXSourcesBuildPhase section */

/* Begin PBXTargetDependency section */
		6E05619327EA1758009E06C1 /* PBXTargetDependency */ = {
			isa = PBXTargetDependency;
			target = 6E05617A27EA1756009E06C1 /* DiscountAppMultiController */;
			targetProxy = 6E05619227EA1758009E06C1 /* PBXContainerItemProxy */;
		};
		6E05619D27EA1758009E06C1 /* PBXTargetDependency */ = {
			isa = PBXTargetDependency;
			target = 6E05617A27EA1756009E06C1 /* DiscountAppMultiController */;
			targetProxy = 6E05619C27EA1758009E06C1 /* PBXContainerItemProxy */;
		};
/* End PBXTargetDependency section */

/* Begin PBXVariantGroup section */
		6E05618427EA1756009E06C1 /* Main.storyboard */ = {
			isa = PBXVariantGroup;
			children = (
				6E05618527EA1756009E06C1 /* Base */,
			);
			name = Main.storyboard;
			sourceTree = "<group>";
		};
		6E05618927EA1758009E06C1 /* LaunchScreen.storyboard */ = {
			isa = PBXVariantGroup;
			children = (
				6E05618A27EA1758009E06C1 /* Base */,
			);
			name = LaunchScreen.storyboard;
			sourceTree = "<group>";
		};
/* End PBXVariantGroup section */

/* Begin XCBuildConfiguration section */
		6E0561A327EA1758009E06C1 /* Debug */ = {
			isa = XCBuildConfiguration;
			buildSettings = {
				ALWAYS_SEARCH_USER_PATHS = NO;
				CLANG_ANALYZER_NONNULL = YES;
				CLANG_ANALYZER_NUMBER_OBJECT_CONVERSION = YES_AGGRESSIVE;
				CLANG_CXX_LANGUAGE_STANDARD = "gnu++17";
				CLANG_ENABLE_MODULES = YES;
				CLANG_ENABLE_OBJC_ARC = YES;
				CLANG_ENABLE_OBJC_WEAK = YES;
				CLANG_WARN_BLOCK_CAPTURE_AUTORELEASING = YES;
				CLANG_WARN_BOOL_CONVERSION = YES;
				CLANG_WARN_COMMA = YES;
				CLANG_WARN_CONSTANT_CONVERSION = YES;
				CLANG_WARN_DEPRECATED_OBJC_IMPLEMENTATIONS = YES;
				CLANG_WARN_DIRECT_OBJC_ISA_USAGE = YES_ERROR;
				CLANG_WARN_DOCUMENTATION_COMMENTS = YES;
				CLANG_WARN_EMPTY_BODY = YES;
				CLANG_WARN_ENUM_CONVERSION = YES;
				CLANG_WARN_INFINITE_RECURSION = YES;
				CLANG_WARN_INT_CONVERSION = YES;
				CLANG_WARN_NON_LITERAL_NULL_CONVERSION = YES;
				CLANG_WARN_OBJC_IMPLICIT_RETAIN_SELF = YES;
				CLANG_WARN_OBJC_LITERAL_CONVERSION = YES;
				CLANG_WARN_OBJC_ROOT_CLASS = YES_ERROR;
				CLANG_WARN_QUOTED_INCLUDE_IN_FRAMEWORK_HEADER = YES;
				CLANG_WARN_RANGE_LOOP_ANALYSIS = YES;
				CLANG_WARN_STRICT_PROTOTYPES = YES;
				CLANG_WARN_SUSPICIOUS_MOVE = YES;
				CLANG_WARN_UNGUARDED_AVAILABILITY = YES_AGGRESSIVE;
				CLANG_WARN_UNREACHABLE_CODE = YES;
				CLANG_WARN__DUPLICATE_METHOD_MATCH = YES;
				COPY_PHASE_STRIP = NO;
				DEBUG_INFORMATION_FORMAT = dwarf;
				ENABLE_STRICT_OBJC_MSGSEND = YES;
				ENABLE_TESTABILITY = YES;
				GCC_C_LANGUAGE_STANDARD = gnu11;
				GCC_DYNAMIC_NO_PIC = NO;
				GCC_NO_COMMON_BLOCKS = YES;
				GCC_OPTIMIZATION_LEVEL = 0;
				GCC_PREPROCESSOR_DEFINITIONS = (
					"DEBUG=1",
					"$(inherited)",
				);
				GCC_WARN_64_TO_32_BIT_CONVERSION = YES;
				GCC_WARN_ABOUT_RETURN_TYPE = YES_ERROR;
				GCC_WARN_UNDECLARED_SELECTOR = YES;
				GCC_WARN_UNINITIALIZED_AUTOS = YES_AGGRESSIVE;
				GCC_WARN_UNUSED_FUNCTION = YES;
				GCC_WARN_UNUSED_VARIABLE = YES;
				IPHONEOS_DEPLOYMENT_TARGET = 15.4;
				MTL_ENABLE_DEBUG_INFO = INCLUDE_SOURCE;
				MTL_FAST_MATH = YES;
				ONLY_ACTIVE_ARCH = YES;
				SDKROOT = iphoneos;
				SWIFT_ACTIVE_COMPILATION_CONDITIONS = DEBUG;
				SWIFT_OPTIMIZATION_LEVEL = "-Onone";
			};
			name = Debug;
		};
		6E0561A427EA1758009E06C1 /* Release */ = {
			isa = XCBuildConfiguration;
			buildSettings = {
				ALWAYS_SEARCH_USER_PATHS = NO;
				CLANG_ANALYZER_NONNULL = YES;
				CLANG_ANALYZER_NUMBER_OBJECT_CONVERSION = YES_AGGRESSIVE;
				CLANG_CXX_LANGUAGE_STANDARD = "gnu++17";
				CLANG_ENABLE_MODULES = YES;
				CLANG_ENABLE_OBJC_ARC = YES;
				CLANG_ENABLE_OBJC_WEAK = YES;
				CLANG_WARN_BLOCK_CAPTURE_AUTORELEASING = YES;
				CLANG_WARN_BOOL_CONVERSION = YES;
				CLANG_WARN_COMMA = YES;
				CLANG_WARN_CONSTANT_CONVERSION = YES;
				CLANG_WARN_DEPRECATED_OBJC_IMPLEMENTATIONS = YES;
				CLANG_WARN_DIRECT_OBJC_ISA_USAGE = YES_ERROR;
				CLANG_WARN_DOCUMENTATION_COMMENTS = YES;
				CLANG_WARN_EMPTY_BODY = YES;
				CLANG_WARN_ENUM_CONVERSION = YES;
				CLANG_WARN_INFINITE_RECURSION = YES;
				CLANG_WARN_INT_CONVERSION = YES;
				CLANG_WARN_NON_LITERAL_NULL_CONVERSION = YES;
				CLANG_WARN_OBJC_IMPLICIT_RETAIN_SELF = YES;
				CLANG_WARN_OBJC_LITERAL_CONVERSION = YES;
				CLANG_WARN_OBJC_ROOT_CLASS = YES_ERROR;
				CLANG_WARN_QUOTED_INCLUDE_IN_FRAMEWORK_HEADER = YES;
				CLANG_WARN_RANGE_LOOP_ANALYSIS = YES;
				CLANG_WARN_STRICT_PROTOTYPES = YES;
				CLANG_WARN_SUSPICIOUS_MOVE = YES;
				CLANG_WARN_UNGUARDED_AVAILABILITY = YES_AGGRESSIVE;
				CLANG_WARN_UNREACHABLE_CODE = YES;
				CLANG_WARN__DUPLICATE_METHOD_MATCH = YES;
				COPY_PHASE_STRIP = NO;
				DEBUG_INFORMATION_FORMAT = "dwarf-with-dsym";
				ENABLE_NS_ASSERTIONS = NO;
				ENABLE_STRICT_OBJC_MSGSEND = YES;
				GCC_C_LANGUAGE_STANDARD = gnu11;
				GCC_NO_COMMON_BLOCKS = YES;
				GCC_WARN_64_TO_32_BIT_CONVERSION = YES;
				GCC_WARN_ABOUT_RETURN_TYPE = YES_ERROR;
				GCC_WARN_UNDECLARED_SELECTOR = YES;
				GCC_WARN_UNINITIALIZED_AUTOS = YES_AGGRESSIVE;
				GCC_WARN_UNUSED_FUNCTION = YES;
				GCC_WARN_UNUSED_VARIABLE = YES;
				IPHONEOS_DEPLOYMENT_TARGET = 15.4;
				MTL_ENABLE_DEBUG_INFO = NO;
				MTL_FAST_MATH = YES;
				SDKROOT = iphoneos;
				SWIFT_COMPILATION_MODE = wholemodule;
				SWIFT_OPTIMIZATION_LEVEL = "-O";
				VALIDATE_PRODUCT = YES;
			};
			name = Release;
		};
		6E0561A627EA1758009E06C1 /* Debug */ = {
			isa = XCBuildConfiguration;
			buildSettings = {
				ASSETCATALOG_COMPILER_APPICON_NAME = AppIcon;
				ASSETCATALOG_COMPILER_GLOBAL_ACCENT_COLOR_NAME = AccentColor;
				CODE_SIGN_STYLE = Automatic;
				CURRENT_PROJECT_VERSION = 1;
				GENERATE_INFOPLIST_FILE = YES;
				INFOPLIST_FILE = DiscountAppMultiController/Info.plist;
				INFOPLIST_KEY_CFBundleDisplayName = DiscountAppMulitController;
				INFOPLIST_KEY_UIApplicationSupportsIndirectInputEvents = YES;
				INFOPLIST_KEY_UILaunchStoryboardName = LaunchScreen;
				INFOPLIST_KEY_UIMainStoryboardFile = Main;
				INFOPLIST_KEY_UISupportedInterfaceOrientations_iPad = "UIInterfaceOrientationPortrait UIInterfaceOrientationPortraitUpsideDown UIInterfaceOrientationLandscapeLeft UIInterfaceOrientationLandscapeRight";
				INFOPLIST_KEY_UISupportedInterfaceOrientations_iPhone = "UIInterfaceOrientationPortrait UIInterfaceOrientationLandscapeLeft UIInterfaceOrientationLandscapeRight";
				LD_RUNPATH_SEARCH_PATHS = (
					"$(inherited)",
					"@executable_path/Frameworks",
				);
				MARKETING_VERSION = 1.0;
				PRODUCT_BUNDLE_IDENTIFIER = nwmsu.DiscountAppMultiController;
				PRODUCT_NAME = "$(TARGET_NAME)";
				SWIFT_EMIT_LOC_STRINGS = YES;
				SWIFT_VERSION = 5.0;
				TARGETED_DEVICE_FAMILY = "1,2";
			};
			name = Debug;
		};
		6E0561A727EA1758009E06C1 /* Release */ = {
			isa = XCBuildConfiguration;
			buildSettings = {
				ASSETCATALOG_COMPILER_APPICON_NAME = AppIcon;
				ASSETCATALOG_COMPILER_GLOBAL_ACCENT_COLOR_NAME = AccentColor;
				CODE_SIGN_STYLE = Automatic;
				CURRENT_PROJECT_VERSION = 1;
				GENERATE_INFOPLIST_FILE = YES;
				INFOPLIST_FILE = DiscountAppMultiController/Info.plist;
				INFOPLIST_KEY_CFBundleDisplayName = DiscountAppMulitController;
				INFOPLIST_KEY_UIApplicationSupportsIndirectInputEvents = YES;
				INFOPLIST_KEY_UILaunchStoryboardName = LaunchScreen;
				INFOPLIST_KEY_UIMainStoryboardFile = Main;
				INFOPLIST_KEY_UISupportedInterfaceOrientations_iPad = "UIInterfaceOrientationPortrait UIInterfaceOrientationPortraitUpsideDown UIInterfaceOrientationLandscapeLeft UIInterfaceOrientationLandscapeRight";
				INFOPLIST_KEY_UISupportedInterfaceOrientations_iPhone = "UIInterfaceOrientationPortrait UIInterfaceOrientationLandscapeLeft UIInterfaceOrientationLandscapeRight";
				LD_RUNPATH_SEARCH_PATHS = (
					"$(inherited)",
					"@executable_path/Frameworks",
				);
				MARKETING_VERSION = 1.0;
				PRODUCT_BUNDLE_IDENTIFIER = nwmsu.DiscountAppMultiController;
				PRODUCT_NAME = "$(TARGET_NAME)";
				SWIFT_EMIT_LOC_STRINGS = YES;
				SWIFT_VERSION = 5.0;
				TARGETED_DEVICE_FAMILY = "1,2";
			};
			name = Release;
		};
		6E0561A927EA1758009E06C1 /* Debug */ = {
			isa = XCBuildConfiguration;
			buildSettings = {
				ALWAYS_EMBED_SWIFT_STANDARD_LIBRARIES = YES;
				BUNDLE_LOADER = "$(TEST_HOST)";
				CODE_SIGN_STYLE = Automatic;
				CURRENT_PROJECT_VERSION = 1;
				GENERATE_INFOPLIST_FILE = YES;
				IPHONEOS_DEPLOYMENT_TARGET = 15.4;
				MARKETING_VERSION = 1.0;
				PRODUCT_BUNDLE_IDENTIFIER = nwmsu.DiscountAppMultiControllerTests;
				PRODUCT_NAME = "$(TARGET_NAME)";
				SWIFT_EMIT_LOC_STRINGS = NO;
				SWIFT_VERSION = 5.0;
				TARGETED_DEVICE_FAMILY = "1,2";
				TEST_HOST = "$(BUILT_PRODUCTS_DIR)/DiscountAppMultiController.app/DiscountAppMultiController";
			};
			name = Debug;
		};
		6E0561AA27EA1758009E06C1 /* Release */ = {
			isa = XCBuildConfiguration;
			buildSettings = {
				ALWAYS_EMBED_SWIFT_STANDARD_LIBRARIES = YES;
				BUNDLE_LOADER = "$(TEST_HOST)";
				CODE_SIGN_STYLE = Automatic;
				CURRENT_PROJECT_VERSION = 1;
				GENERATE_INFOPLIST_FILE = YES;
				IPHONEOS_DEPLOYMENT_TARGET = 15.4;
				MARKETING_VERSION = 1.0;
				PRODUCT_BUNDLE_IDENTIFIER = nwmsu.DiscountAppMultiControllerTests;
				PRODUCT_NAME = "$(TARGET_NAME)";
				SWIFT_EMIT_LOC_STRINGS = NO;
				SWIFT_VERSION = 5.0;
				TARGETED_DEVICE_FAMILY = "1,2";
				TEST_HOST = "$(BUILT_PRODUCTS_DIR)/DiscountAppMultiController.app/DiscountAppMultiController";
			};
			name = Release;
		};
		6E0561AC27EA1758009E06C1 /* Debug */ = {
			isa = XCBuildConfiguration;
			buildSettings = {
				ALWAYS_EMBED_SWIFT_STANDARD_LIBRARIES = YES;
				CODE_SIGN_STYLE = Automatic;
				CURRENT_PROJECT_VERSION = 1;
				GENERATE_INFOPLIST_FILE = YES;
				MARKETING_VERSION = 1.0;
				PRODUCT_BUNDLE_IDENTIFIER = nwmsu.DiscountAppMultiControllerUITests;
				PRODUCT_NAME = "$(TARGET_NAME)";
				SWIFT_EMIT_LOC_STRINGS = NO;
				SWIFT_VERSION = 5.0;
				TARGETED_DEVICE_FAMILY = "1,2";
				TEST_TARGET_NAME = DiscountAppMultiController;
			};
			name = Debug;
		};
		6E0561AD27EA1758009E06C1 /* Release */ = {
			isa = XCBuildConfiguration;
			buildSettings = {
				ALWAYS_EMBED_SWIFT_STANDARD_LIBRARIES = YES;
				CODE_SIGN_STYLE = Automatic;
				CURRENT_PROJECT_VERSION = 1;
				GENERATE_INFOPLIST_FILE = YES;
				MARKETING_VERSION = 1.0;
				PRODUCT_BUNDLE_IDENTIFIER = nwmsu.DiscountAppMultiControllerUITests;
				PRODUCT_NAME = "$(TARGET_NAME)";
				SWIFT_EMIT_LOC_STRINGS = NO;
				SWIFT_VERSION = 5.0;
				TARGETED_DEVICE_FAMILY = "1,2";
				TEST_TARGET_NAME = DiscountAppMultiController;
			};
			name = Release;
		};
/* End XCBuildConfiguration section */

/* Begin XCConfigurationList section */
		6E05617627EA1756009E06C1 /* Build configuration list for PBXProject "DiscountAppMultiController" */ = {
			isa = XCConfigurationList;
			buildConfigurations = (
				6E0561A327EA1758009E06C1 /* Debug */,
				6E0561A427EA1758009E06C1 /* Release */,
			);
			defaultConfigurationIsVisible = 0;
			defaultConfigurationName = Release;
		};
		6E0561A527EA1758009E06C1 /* Build configuration list for PBXNativeTarget "DiscountAppMultiController" */ = {
			isa = XCConfigurationList;
			buildConfigurations = (
				6E0561A627EA1758009E06C1 /* Debug */,
				6E0561A727EA1758009E06C1 /* Release */,
			);
			defaultConfigurationIsVisible = 0;
			defaultConfigurationName = Release;
		};
		6E0561A827EA1758009E06C1 /* Build configuration list for PBXNativeTarget "DiscountAppMultiControllerTests" */ = {
			isa = XCConfigurationList;
			buildConfigurations = (
				6E0561A927EA1758009E06C1 /* Debug */,
				6E0561AA27EA1758009E06C1 /* Release */,
			);
			defaultConfigurationIsVisible = 0;
			defaultConfigurationName = Release;
		};
		6E0561AB27EA1758009E06C1 /* Build configuration list for PBXNativeTarget "DiscountAppMultiControllerUITests" */ = {
			isa = XCConfigurationList;
			buildConfigurations = (
				6E0561AC27EA1758009E06C1 /* Debug */,
				6E0561AD27EA1758009E06C1 /* Release */,
			);
			defaultConfigurationIsVisible = 0;
			defaultConfigurationName = Release;
		};
/* End XCConfigurationList section */
	};
	rootObject = 6E05617327EA1756009E06C1 /* Project object */;
}
