// !$*UTF8*$!
{
	archiveVersion = 1;
	classes = {
	};
	objectVersion = 55;
	objects = {

/* Begin PBXBuildFile section */
		6E0562B527F35403009E06C1 /* AppDelegate.swift in Sources */ = {isa = PBXBuildFile; fileRef = 6E0562B427F35403009E06C1 /* AppDelegate.swift */; };
		6E0562B727F35403009E06C1 /* SceneDelegate.swift in Sources */ = {isa = PBXBuildFile; fileRef = 6E0562B627F35403009E06C1 /* SceneDelegate.swift */; };
		6E0562B927F35403009E06C1 /* ViewController.swift in Sources */ = {isa = PBXBuildFile; fileRef = 6E0562B827F35403009E06C1 /* ViewController.swift */; };
		6E0562BC27F35403009E06C1 /* Main.storyboard in Resources */ = {isa = PBXBuildFile; fileRef = 6E0562BA27F35403009E06C1 /* Main.storyboard */; };
		6E0562BE27F35406009E06C1 /* Assets.xcassets in Resources */ = {isa = PBXBuildFile; fileRef = 6E0562BD27F35406009E06C1 /* Assets.xcassets */; };
		6E0562C127F35406009E06C1 /* LaunchScreen.storyboard in Resources */ = {isa = PBXBuildFile; fileRef = 6E0562BF27F35406009E06C1 /* LaunchScreen.storyboard */; };
		6E0562CC27F35406009E06C1 /* TableViewDemo1Tests.swift in Sources */ = {isa = PBXBuildFile; fileRef = 6E0562CB27F35406009E06C1 /* TableViewDemo1Tests.swift */; };
		6E0562D627F35406009E06C1 /* TableViewDemo1UITests.swift in Sources */ = {isa = PBXBuildFile; fileRef = 6E0562D527F35406009E06C1 /* TableViewDemo1UITests.swift */; };
		6E0562D827F35406009E06C1 /* TableViewDemo1UITestsLaunchTests.swift in Sources */ = {isa = PBXBuildFile; fileRef = 6E0562D727F35406009E06C1 /* TableViewDemo1UITestsLaunchTests.swift */; };
		6E0562E527F355F6009E06C1 /* DetailsViewController.swift in Sources */ = {isa = PBXBuildFile; fileRef = 6E0562E427F355F6009E06C1 /* DetailsViewController.swift */; };
/* End PBXBuildFile section */

/* Begin PBXContainerItemProxy section */
		6E0562C827F35406009E06C1 /* PBXContainerItemProxy */ = {
			isa = PBXContainerItemProxy;
			containerPortal = 6E0562A927F35403009E06C1 /* Project object */;
			proxyType = 1;
			remoteGlobalIDString = 6E0562B027F35403009E06C1;
			remoteInfo = TableViewDemo1;
		};
		6E0562D227F35406009E06C1 /* PBXContainerItemProxy */ = {
			isa = PBXContainerItemProxy;
			containerPortal = 6E0562A927F35403009E06C1 /* Project object */;
			proxyType = 1;
			remoteGlobalIDString = 6E0562B027F35403009E06C1;
			remoteInfo = TableViewDemo1;
		};
/* End PBXContainerItemProxy section */

/* Begin PBXFileReference section */
		6E0562B127F35403009E06C1 /* TableViewDemo1.app */ = {isa = PBXFileReference; explicitFileType = wrapper.application; includeInIndex = 0; path = TableViewDemo1.app; sourceTree = BUILT_PRODUCTS_DIR; };
		6E0562B427F35403009E06C1 /* AppDelegate.swift */ = {isa = PBXFileReference; lastKnownFileType = sourcecode.swift; path = AppDelegate.swift; sourceTree = "<group>"; };
		6E0562B627F35403009E06C1 /* SceneDelegate.swift */ = {isa = PBXFileReference; lastKnownFileType = sourcecode.swift; path = SceneDelegate.swift; sourceTree = "<group>"; };
		6E0562B827F35403009E06C1 /* ViewController.swift */ = {isa = PBXFileReference; lastKnownFileType = sourcecode.swift; path = ViewController.swift; sourceTree = "<group>"; };
		6E0562BB27F35403009E06C1 /* Base */ = {isa = PBXFileReference; lastKnownFileType = file.storyboard; name = Base; path = Base.lproj/Main.storyboard; sourceTree = "<group>"; };
		6E0562BD27F35406009E06C1 /* Assets.xcassets */ = {isa = PBXFileReference; lastKnownFileType = folder.assetcatalog; path = Assets.xcassets; sourceTree = "<group>"; };
		6E0562C027F35406009E06C1 /* Base */ = {isa = PBXFileReference; lastKnownFileType = file.storyboard; name = Base; path = Base.lproj/LaunchScreen.storyboard; sourceTree = "<group>"; };
		6E0562C227F35406009E06C1 /* Info.plist */ = {isa = PBXFileReference; lastKnownFileType = text.plist.xml; path = Info.plist; sourceTree = "<group>"; };
		6E0562C727F35406009E06C1 /* TableViewDemo1Tests.xctest */ = {isa = PBXFileReference; explicitFileType = wrapper.cfbundle; includeInIndex = 0; path = TableViewDemo1Tests.xctest; sourceTree = BUILT_PRODUCTS_DIR; };
		6E0562CB27F35406009E06C1 /* TableViewDemo1Tests.swift */ = {isa = PBXFileReference; lastKnownFileType = sourcecode.swift; path = TableViewDemo1Tests.swift; sourceTree = "<group>"; };
		6E0562D127F35406009E06C1 /* TableViewDemo1UITests.xctest */ = {isa = PBXFileReference; explicitFileType = wrapper.cfbundle; includeInIndex = 0; path = TableViewDemo1UITests.xctest; sourceTree = BUILT_PRODUCTS_DIR; };
		6E0562D527F35406009E06C1 /* TableViewDemo1UITests.swift */ = {isa = PBXFileReference; lastKnownFileType = sourcecode.swift; path = TableViewDemo1UITests.swift; sourceTree = "<group>"; };
		6E0562D727F35406009E06C1 /* TableViewDemo1UITestsLaunchTests.swift */ = {isa = PBXFileReference; lastKnownFileType = sourcecode.swift; path = TableViewDemo1UITestsLaunchTests.swift; sourceTree = "<group>"; };
		6E0562E427F355F6009E06C1 /* DetailsViewController.swift */ = {isa = PBXFileReference; lastKnownFileType = sourcecode.swift; path = DetailsViewController.swift; sourceTree = "<group>"; };
/* End PBXFileReference section */

/* Begin PBXFrameworksBuildPhase section */
		6E0562AE27F35403009E06C1 /* Frameworks */ = {
			isa = PBXFrameworksBuildPhase;
			buildActionMask = 2147483647;
			files = (
			);
			runOnlyForDeploymentPostprocessing = 0;
		};
		6E0562C427F35406009E06C1 /* Frameworks */ = {
			isa = PBXFrameworksBuildPhase;
			buildActionMask = 2147483647;
			files = (
			);
			runOnlyForDeploymentPostprocessing = 0;
		};
		6E0562CE27F35406009E06C1 /* Frameworks */ = {
			isa = PBXFrameworksBuildPhase;
			buildActionMask = 2147483647;
			files = (
			);
			runOnlyForDeploymentPostprocessing = 0;
		};
/* End PBXFrameworksBuildPhase section */

/* Begin PBXGroup section */
		6E0562A827F35403009E06C1 = {
			isa = PBXGroup;
			children = (
				6E0562B327F35403009E06C1 /* TableViewDemo1 */,
				6E0562CA27F35406009E06C1 /* TableViewDemo1Tests */,
				6E0562D427F35406009E06C1 /* TableViewDemo1UITests */,
				6E0562B227F35403009E06C1 /* Products */,
			);
			sourceTree = "<group>";
		};
		6E0562B227F35403009E06C1 /* Products */ = {
			isa = PBXGroup;
			children = (
				6E0562B127F35403009E06C1 /* TableViewDemo1.app */,
				6E0562C727F35406009E06C1 /* TableViewDemo1Tests.xctest */,
				6E0562D127F35406009E06C1 /* TableViewDemo1UITests.xctest */,
			);
			name = Products;
			sourceTree = "<group>";
		};
		6E0562B327F35403009E06C1 /* TableViewDemo1 */ = {
			isa = PBXGroup;
			children = (
				6E0562B427F35403009E06C1 /* AppDelegate.swift */,
				6E0562B627F35403009E06C1 /* SceneDelegate.swift */,
				6E0562B827F35403009E06C1 /* ViewController.swift */,
				6E0562BA27F35403009E06C1 /* Main.storyboard */,
				6E0562BD27F35406009E06C1 /* Assets.xcassets */,
				6E0562BF27F35406009E06C1 /* LaunchScreen.storyboard */,
				6E0562C227F35406009E06C1 /* Info.plist */,
				6E0562E427F355F6009E06C1 /* DetailsViewController.swift */,
			);
			path = TableViewDemo1;
			sourceTree = "<group>";
		};
		6E0562CA27F35406009E06C1 /* TableViewDemo1Tests */ = {
			isa = PBXGroup;
			children = (
				6E0562CB27F35406009E06C1 /* TableViewDemo1Tests.swift */,
			);
			path = TableViewDemo1Tests;
			sourceTree = "<group>";
		};
		6E0562D427F35406009E06C1 /* TableViewDemo1UITests */ = {
			isa = PBXGroup;
			children = (
				6E0562D527F35406009E06C1 /* TableViewDemo1UITests.swift */,
				6E0562D727F35406009E06C1 /* TableViewDemo1UITestsLaunchTests.swift */,
			);
			path = TableViewDemo1UITests;
			sourceTree = "<group>";
		};
/* End PBXGroup section */

/* Begin PBXNativeTarget section */
		6E0562B027F35403009E06C1 /* TableViewDemo1 */ = {
			isa = PBXNativeTarget;
			buildConfigurationList = 6E0562DB27F35406009E06C1 /* Build configuration list for PBXNativeTarget "TableViewDemo1" */;
			buildPhases = (
				6E0562AD27F35403009E06C1 /* Sources */,
				6E0562AE27F35403009E06C1 /* Frameworks */,
				6E0562AF27F35403009E06C1 /* Resources */,
			);
			buildRules = (
			);
			dependencies = (
			);
			name = TableViewDemo1;
			productName = TableViewDemo1;
			productReference = 6E0562B127F35403009E06C1 /* TableViewDemo1.app */;
			productType = "com.apple.product-type.application";
		};
		6E0562C627F35406009E06C1 /* TableViewDemo1Tests */ = {
			isa = PBXNativeTarget;
			buildConfigurationList = 6E0562DE27F35406009E06C1 /* Build configuration list for PBXNativeTarget "TableViewDemo1Tests" */;
			buildPhases = (
				6E0562C327F35406009E06C1 /* Sources */,
				6E0562C427F35406009E06C1 /* Frameworks */,
				6E0562C527F35406009E06C1 /* Resources */,
			);
			buildRules = (
			);
			dependencies = (
				6E0562C927F35406009E06C1 /* PBXTargetDependency */,
			);
			name = TableViewDemo1Tests;
			productName = TableViewDemo1Tests;
			productReference = 6E0562C727F35406009E06C1 /* TableViewDemo1Tests.xctest */;
			productType = "com.apple.product-type.bundle.unit-test";
		};
		6E0562D027F35406009E06C1 /* TableViewDemo1UITests */ = {
			isa = PBXNativeTarget;
			buildConfigurationList = 6E0562E127F35406009E06C1 /* Build configuration list for PBXNativeTarget "TableViewDemo1UITests" */;
			buildPhases = (
				6E0562CD27F35406009E06C1 /* Sources */,
				6E0562CE27F35406009E06C1 /* Frameworks */,
				6E0562CF27F35406009E06C1 /* Resources */,
			);
			buildRules = (
			);
			dependencies = (
				6E0562D327F35406009E06C1 /* PBXTargetDependency */,
			);
			name = TableViewDemo1UITests;
			productName = TableViewDemo1UITests;
			productReference = 6E0562D127F35406009E06C1 /* TableViewDemo1UITests.xctest */;
			productType = "com.apple.product-type.bundle.ui-testing";
		};
/* End PBXNativeTarget section */

/* Begin PBXProject section */
		6E0562A927F35403009E06C1 /* Project object */ = {
			isa = PBXProject;
			attributes = {
				BuildIndependentTargetsInParallel = 1;
				LastSwiftUpdateCheck = 1330;
				LastUpgradeCheck = 1330;
				TargetAttributes = {
					6E0562B027F35403009E06C1 = {
						CreatedOnToolsVersion = 13.3;
					};
					6E0562C627F35406009E06C1 = {
						CreatedOnToolsVersion = 13.3;
						TestTargetID = 6E0562B027F35403009E06C1;
					};
					6E0562D027F35406009E06C1 = {
						CreatedOnToolsVersion = 13.3;
						TestTargetID = 6E0562B027F35403009E06C1;
					};
				};
			};
			buildConfigurationList = 6E0562AC27F35403009E06C1 /* Build configuration list for PBXProject "TableViewDemo1" */;
			compatibilityVersion = "Xcode 13.0";
			developmentRegion = en;
			hasScannedForEncodings = 0;
			knownRegions = (
				en,
				Base,
			);
			mainGroup = 6E0562A827F35403009E06C1;
			productRefGroup = 6E0562B227F35403009E06C1 /* Products */;
			projectDirPath = "";
			projectRoot = "";
			targets = (
				6E0562B027F35403009E06C1 /* TableViewDemo1 */,
				6E0562C627F35406009E06C1 /* TableViewDemo1Tests */,
				6E0562D027F35406009E06C1 /* TableViewDemo1UITests */,
			);
		};
/* End PBXProject section */

/* Begin PBXResourcesBuildPhase section */
		6E0562AF27F35403009E06C1 /* Resources */ = {
			isa = PBXResourcesBuildPhase;
			buildActionMask = 2147483647;
			files = (
				6E0562C127F35406009E06C1 /* LaunchScreen.storyboard in Resources */,
				6E0562BE27F35406009E06C1 /* Assets.xcassets in Resources */,
				6E0562BC27F35403009E06C1 /* Main.storyboard in Resources */,
			);
			runOnlyForDeploymentPostprocessing = 0;
		};
		6E0562C527F35406009E06C1 /* Resources */ = {
			isa = PBXResourcesBuildPhase;
			buildActionMask = 2147483647;
			files = (
			);
			runOnlyForDeploymentPostprocessing = 0;
		};
		6E0562CF27F35406009E06C1 /* Resources */ = {
			isa = PBXResourcesBuildPhase;
			buildActionMask = 2147483647;
			files = (
			);
			runOnlyForDeploymentPostprocessing = 0;
		};
/* End PBXResourcesBuildPhase section */

/* Begin PBXSourcesBuildPhase section */
		6E0562AD27F35403009E06C1 /* Sources */ = {
			isa = PBXSourcesBuildPhase;
			buildActionMask = 2147483647;
			files = (
				6E0562B927F35403009E06C1 /* ViewController.swift in Sources */,
				6E0562B527F35403009E06C1 /* AppDelegate.swift in Sources */,
				6E0562B727F35403009E06C1 /* SceneDelegate.swift in Sources */,
				6E0562E527F355F6009E06C1 /* DetailsViewController.swift in Sources */,
			);
			runOnlyForDeploymentPostprocessing = 0;
		};
		6E0562C327F35406009E06C1 /* Sources */ = {
			isa = PBXSourcesBuildPhase;
			buildActionMask = 2147483647;
			files = (
				6E0562CC27F35406009E06C1 /* TableViewDemo1Tests.swift in Sources */,
			);
			runOnlyForDeploymentPostprocessing = 0;
		};
		6E0562CD27F35406009E06C1 /* Sources */ = {
			isa = PBXSourcesBuildPhase;
			buildActionMask = 2147483647;
			files = (
				6E0562D627F35406009E06C1 /* TableViewDemo1UITests.swift in Sources */,
				6E0562D827F35406009E06C1 /* TableViewDemo1UITestsLaunchTests.swift in Sources */,
			);
			runOnlyForDeploymentPostprocessing = 0;
		};
/* End PBXSourcesBuildPhase section */

/* Begin PBXTargetDependency section */
		6E0562C927F35406009E06C1 /* PBXTargetDependency */ = {
			isa = PBXTargetDependency;
			target = 6E0562B027F35403009E06C1 /* TableViewDemo1 */;
			targetProxy = 6E0562C827F35406009E06C1 /* PBXContainerItemProxy */;
		};
		6E0562D327F35406009E06C1 /* PBXTargetDependency */ = {
			isa = PBXTargetDependency;
			target = 6E0562B027F35403009E06C1 /* TableViewDemo1 */;
			targetProxy = 6E0562D227F35406009E06C1 /* PBXContainerItemProxy */;
		};
/* End PBXTargetDependency section */

/* Begin PBXVariantGroup section */
		6E0562BA27F35403009E06C1 /* Main.storyboard */ = {
			isa = PBXVariantGroup;
			children = (
				6E0562BB27F35403009E06C1 /* Base */,
			);
			name = Main.storyboard;
			sourceTree = "<group>";
		};
		6E0562BF27F35406009E06C1 /* LaunchScreen.storyboard */ = {
			isa = PBXVariantGroup;
			children = (
				6E0562C027F35406009E06C1 /* Base */,
			);
			name = LaunchScreen.storyboard;
			sourceTree = "<group>";
		};
/* End PBXVariantGroup section */

/* Begin XCBuildConfiguration section */
		6E0562D927F35406009E06C1 /* Debug */ = {
			isa = XCBuildConfiguration;
			buildSettings = {
				ALWAYS_SEARCH_USER_PATHS = NO;
				CLANG_ANALYZER_NONNULL = YES;
				CLANG_ANALYZER_NUMBER_OBJECT_CONVERSION = YES_AGGRESSIVE;
				CLANG_CXX_LANGUAGE_STANDARD = "gnu++17";
				CLANG_ENABLE_MODULES = YES;
				CLANG_ENABLE_OBJC_ARC = YES;
				CLANG_ENABLE_OBJC_WEAK = YES;
				CLANG_WARN_BLOCK_CAPTURE_AUTORELEASING = YES;
				CLANG_WARN_BOOL_CONVERSION = YES;
				CLANG_WARN_COMMA = YES;
				CLANG_WARN_CONSTANT_CONVERSION = YES;
				CLANG_WARN_DEPRECATED_OBJC_IMPLEMENTATIONS = YES;
				CLANG_WARN_DIRECT_OBJC_ISA_USAGE = YES_ERROR;
				CLANG_WARN_DOCUMENTATION_COMMENTS = YES;
				CLANG_WARN_EMPTY_BODY = YES;
				CLANG_WARN_ENUM_CONVERSION = YES;
				CLANG_WARN_INFINITE_RECURSION = YES;
				CLANG_WARN_INT_CONVERSION = YES;
				CLANG_WARN_NON_LITERAL_NULL_CONVERSION = YES;
				CLANG_WARN_OBJC_IMPLICIT_RETAIN_SELF = YES;
				CLANG_WARN_OBJC_LITERAL_CONVERSION = YES;
				CLANG_WARN_OBJC_ROOT_CLASS = YES_ERROR;
				CLANG_WARN_QUOTED_INCLUDE_IN_FRAMEWORK_HEADER = YES;
				CLANG_WARN_RANGE_LOOP_ANALYSIS = YES;
				CLANG_WARN_STRICT_PROTOTYPES = YES;
				CLANG_WARN_SUSPICIOUS_MOVE = YES;
				CLANG_WARN_UNGUARDED_AVAILABILITY = YES_AGGRESSIVE;
				CLANG_WARN_UNREACHABLE_CODE = YES;
				CLANG_WARN__DUPLICATE_METHOD_MATCH = YES;
				COPY_PHASE_STRIP = NO;
				DEBUG_INFORMATION_FORMAT = dwarf;
				ENABLE_STRICT_OBJC_MSGSEND = YES;
				ENABLE_TESTABILITY = YES;
				GCC_C_LANGUAGE_STANDARD = gnu11;
				GCC_DYNAMIC_NO_PIC = NO;
				GCC_NO_COMMON_BLOCKS = YES;
				GCC_OPTIMIZATION_LEVEL = 0;
				GCC_PREPROCESSOR_DEFINITIONS = (
					"DEBUG=1",
					"$(inherited)",
				);
				GCC_WARN_64_TO_32_BIT_CONVERSION = YES;
				GCC_WARN_ABOUT_RETURN_TYPE = YES_ERROR;
				GCC_WARN_UNDECLARED_SELECTOR = YES;
				GCC_WARN_UNINITIALIZED_AUTOS = YES_AGGRESSIVE;
				GCC_WARN_UNUSED_FUNCTION = YES;
				GCC_WARN_UNUSED_VARIABLE = YES;
				IPHONEOS_DEPLOYMENT_TARGET = 15.4;
				MTL_ENABLE_DEBUG_INFO = INCLUDE_SOURCE;
				MTL_FAST_MATH = YES;
				ONLY_ACTIVE_ARCH = YES;
				SDKROOT = iphoneos;
				SWIFT_ACTIVE_COMPILATION_CONDITIONS = DEBUG;
				SWIFT_OPTIMIZATION_LEVEL = "-Onone";
			};
			name = Debug;
		};
		6E0562DA27F35406009E06C1 /* Release */ = {
			isa = XCBuildConfiguration;
			buildSettings = {
				ALWAYS_SEARCH_USER_PATHS = NO;
				CLANG_ANALYZER_NONNULL = YES;
				CLANG_ANALYZER_NUMBER_OBJECT_CONVERSION = YES_AGGRESSIVE;
				CLANG_CXX_LANGUAGE_STANDARD = "gnu++17";
				CLANG_ENABLE_MODULES = YES;
				CLANG_ENABLE_OBJC_ARC = YES;
				CLANG_ENABLE_OBJC_WEAK = YES;
				CLANG_WARN_BLOCK_CAPTURE_AUTORELEASING = YES;
				CLANG_WARN_BOOL_CONVERSION = YES;
				CLANG_WARN_COMMA = YES;
				CLANG_WARN_CONSTANT_CONVERSION = YES;
				CLANG_WARN_DEPRECATED_OBJC_IMPLEMENTATIONS = YES;
				CLANG_WARN_DIRECT_OBJC_ISA_USAGE = YES_ERROR;
				CLANG_WARN_DOCUMENTATION_COMMENTS = YES;
				CLANG_WARN_EMPTY_BODY = YES;
				CLANG_WARN_ENUM_CONVERSION = YES;
				CLANG_WARN_INFINITE_RECURSION = YES;
				CLANG_WARN_INT_CONVERSION = YES;
				CLANG_WARN_NON_LITERAL_NULL_CONVERSION = YES;
				CLANG_WARN_OBJC_IMPLICIT_RETAIN_SELF = YES;
				CLANG_WARN_OBJC_LITERAL_CONVERSION = YES;
				CLANG_WARN_OBJC_ROOT_CLASS = YES_ERROR;
				CLANG_WARN_QUOTED_INCLUDE_IN_FRAMEWORK_HEADER = YES;
				CLANG_WARN_RANGE_LOOP_ANALYSIS = YES;
				CLANG_WARN_STRICT_PROTOTYPES = YES;
				CLANG_WARN_SUSPICIOUS_MOVE = YES;
				CLANG_WARN_UNGUARDED_AVAILABILITY = YES_AGGRESSIVE;
				CLANG_WARN_UNREACHABLE_CODE = YES;
				CLANG_WARN__DUPLICATE_METHOD_MATCH = YES;
				COPY_PHASE_STRIP = NO;
				DEBUG_INFORMATION_FORMAT = "dwarf-with-dsym";
				ENABLE_NS_ASSERTIONS = NO;
				ENABLE_STRICT_OBJC_MSGSEND = YES;
				GCC_C_LANGUAGE_STANDARD = gnu11;
				GCC_NO_COMMON_BLOCKS = YES;
				GCC_WARN_64_TO_32_BIT_CONVERSION = YES;
				GCC_WARN_ABOUT_RETURN_TYPE = YES_ERROR;
				GCC_WARN_UNDECLARED_SELECTOR = YES;
				GCC_WARN_UNINITIALIZED_AUTOS = YES_AGGRESSIVE;
				GCC_WARN_UNUSED_FUNCTION = YES;
				GCC_WARN_UNUSED_VARIABLE = YES;
				IPHONEOS_DEPLOYMENT_TARGET = 15.4;
				MTL_ENABLE_DEBUG_INFO = NO;
				MTL_FAST_MATH = YES;
				SDKROOT = iphoneos;
				SWIFT_COMPILATION_MODE = wholemodule;
				SWIFT_OPTIMIZATION_LEVEL = "-O";
				VALIDATE_PRODUCT = YES;
			};
			name = Release;
		};
		6E0562DC27F35406009E06C1 /* Debug */ = {
			isa = XCBuildConfiguration;
			buildSettings = {
				ASSETCATALOG_COMPILER_APPICON_NAME = AppIcon;
				ASSETCATALOG_COMPILER_GLOBAL_ACCENT_COLOR_NAME = AccentColor;
				CODE_SIGN_STYLE = Automatic;
				CURRENT_PROJECT_VERSION = 1;
				GENERATE_INFOPLIST_FILE = YES;
				INFOPLIST_FILE = TableViewDemo1/Info.plist;
				INFOPLIST_KEY_CFBundleDisplayName = TableViewDemo1;
				INFOPLIST_KEY_UIApplicationSupportsIndirectInputEvents = YES;
				INFOPLIST_KEY_UILaunchStoryboardName = LaunchScreen;
				INFOPLIST_KEY_UIMainStoryboardFile = Main;
				INFOPLIST_KEY_UISupportedInterfaceOrientations_iPad = "UIInterfaceOrientationPortrait UIInterfaceOrientationPortraitUpsideDown UIInterfaceOrientationLandscapeLeft UIInterfaceOrientationLandscapeRight";
				INFOPLIST_KEY_UISupportedInterfaceOrientations_iPhone = "UIInterfaceOrientationPortrait UIInterfaceOrientationLandscapeLeft UIInterfaceOrientationLandscapeRight";
				LD_RUNPATH_SEARCH_PATHS = (
					"$(inherited)",
					"@executable_path/Frameworks",
				);
				MARKETING_VERSION = 1.0;
				PRODUCT_BUNDLE_IDENTIFIER = nwmsu.TableViewDemo1;
				PRODUCT_NAME = "$(TARGET_NAME)";
				SWIFT_EMIT_LOC_STRINGS = YES;
				SWIFT_VERSION = 5.0;
				TARGETED_DEVICE_FAMILY = "1,2";
			};
			name = Debug;
		};
		6E0562DD27F35406009E06C1 /* Release */ = {
			isa = XCBuildConfiguration;
			buildSettings = {
				ASSETCATALOG_COMPILER_APPICON_NAME = AppIcon;
				ASSETCATALOG_COMPILER_GLOBAL_ACCENT_COLOR_NAME = AccentColor;
				CODE_SIGN_STYLE = Automatic;
				CURRENT_PROJECT_VERSION = 1;
				GENERATE_INFOPLIST_FILE = YES;
				INFOPLIST_FILE = TableViewDemo1/Info.plist;
				INFOPLIST_KEY_CFBundleDisplayName = TableViewDemo1;
				INFOPLIST_KEY_UIApplicationSupportsIndirectInputEvents = YES;
				INFOPLIST_KEY_UILaunchStoryboardName = LaunchScreen;
				INFOPLIST_KEY_UIMainStoryboardFile = Main;
				INFOPLIST_KEY_UISupportedInterfaceOrientations_iPad = "UIInterfaceOrientationPortrait UIInterfaceOrientationPortraitUpsideDown UIInterfaceOrientationLandscapeLeft UIInterfaceOrientationLandscapeRight";
				INFOPLIST_KEY_UISupportedInterfaceOrientations_iPhone = "UIInterfaceOrientationPortrait UIInterfaceOrientationLandscapeLeft UIInterfaceOrientationLandscapeRight";
				LD_RUNPATH_SEARCH_PATHS = (
					"$(inherited)",
					"@executable_path/Frameworks",
				);
				MARKETING_VERSION = 1.0;
				PRODUCT_BUNDLE_IDENTIFIER = nwmsu.TableViewDemo1;
				PRODUCT_NAME = "$(TARGET_NAME)";
				SWIFT_EMIT_LOC_STRINGS = YES;
				SWIFT_VERSION = 5.0;
				TARGETED_DEVICE_FAMILY = "1,2";
			};
			name = Release;
		};
		6E0562DF27F35406009E06C1 /* Debug */ = {
			isa = XCBuildConfiguration;
			buildSettings = {
				ALWAYS_EMBED_SWIFT_STANDARD_LIBRARIES = YES;
				BUNDLE_LOADER = "$(TEST_HOST)";
				CODE_SIGN_STYLE = Automatic;
				CURRENT_PROJECT_VERSION = 1;
				GENERATE_INFOPLIST_FILE = YES;
				IPHONEOS_DEPLOYMENT_TARGET = 15.4;
				MARKETING_VERSION = 1.0;
				PRODUCT_BUNDLE_IDENTIFIER = nwmsu.TableViewDemo1Tests;
				PRODUCT_NAME = "$(TARGET_NAME)";
				SWIFT_EMIT_LOC_STRINGS = NO;
				SWIFT_VERSION = 5.0;
				TARGETED_DEVICE_FAMILY = "1,2";
				TEST_HOST = "$(BUILT_PRODUCTS_DIR)/TableViewDemo1.app/TableViewDemo1";
			};
			name = Debug;
		};
		6E0562E027F35406009E06C1 /* Release */ = {
			isa = XCBuildConfiguration;
			buildSettings = {
				ALWAYS_EMBED_SWIFT_STANDARD_LIBRARIES = YES;
				BUNDLE_LOADER = "$(TEST_HOST)";
				CODE_SIGN_STYLE = Automatic;
				CURRENT_PROJECT_VERSION = 1;
				GENERATE_INFOPLIST_FILE = YES;
				IPHONEOS_DEPLOYMENT_TARGET = 15.4;
				MARKETING_VERSION = 1.0;
				PRODUCT_BUNDLE_IDENTIFIER = nwmsu.TableViewDemo1Tests;
				PRODUCT_NAME = "$(TARGET_NAME)";
				SWIFT_EMIT_LOC_STRINGS = NO;
				SWIFT_VERSION = 5.0;
				TARGETED_DEVICE_FAMILY = "1,2";
				TEST_HOST = "$(BUILT_PRODUCTS_DIR)/TableViewDemo1.app/TableViewDemo1";
			};
			name = Release;
		};
		6E0562E227F35406009E06C1 /* Debug */ = {
			isa = XCBuildConfiguration;
			buildSettings = {
				ALWAYS_EMBED_SWIFT_STANDARD_LIBRARIES = YES;
				CODE_SIGN_STYLE = Automatic;
				CURRENT_PROJECT_VERSION = 1;
				GENERATE_INFOPLIST_FILE = YES;
				MARKETING_VERSION = 1.0;
				PRODUCT_BUNDLE_IDENTIFIER = nwmsu.TableViewDemo1UITests;
				PRODUCT_NAME = "$(TARGET_NAME)";
				SWIFT_EMIT_LOC_STRINGS = NO;
				SWIFT_VERSION = 5.0;
				TARGETED_DEVICE_FAMILY = "1,2";
				TEST_TARGET_NAME = TableViewDemo1;
			};
			name = Debug;
		};
		6E0562E327F35406009E06C1 /* Release */ = {
			isa = XCBuildConfiguration;
			buildSettings = {
				ALWAYS_EMBED_SWIFT_STANDARD_LIBRARIES = YES;
				CODE_SIGN_STYLE = Automatic;
				CURRENT_PROJECT_VERSION = 1;
				GENERATE_INFOPLIST_FILE = YES;
				MARKETING_VERSION = 1.0;
				PRODUCT_BUNDLE_IDENTIFIER = nwmsu.TableViewDemo1UITests;
				PRODUCT_NAME = "$(TARGET_NAME)";
				SWIFT_EMIT_LOC_STRINGS = NO;
				SWIFT_VERSION = 5.0;
				TARGETED_DEVICE_FAMILY = "1,2";
				TEST_TARGET_NAME = TableViewDemo1;
			};
			name = Release;
		};
/* End XCBuildConfiguration section */

/* Begin XCConfigurationList section */
		6E0562AC27F35403009E06C1 /* Build configuration list for PBXProject "TableViewDemo1" */ = {
			isa = XCConfigurationList;
			buildConfigurations = (
				6E0562D927F35406009E06C1 /* Debug */,
				6E0562DA27F35406009E06C1 /* Release */,
			);
			defaultConfigurationIsVisible = 0;
			defaultConfigurationName = Release;
		};
		6E0562DB27F35406009E06C1 /* Build configuration list for PBXNativeTarget "TableViewDemo1" */ = {
			isa = XCConfigurationList;
			buildConfigurations = (
				6E0562DC27F35406009E06C1 /* Debug */,
				6E0562DD27F35406009E06C1 /* Release */,
			);
			defaultConfigurationIsVisible = 0;
			defaultConfigurationName = Release;
		};
		6E0562DE27F35406009E06C1 /* Build configuration list for PBXNativeTarget "TableViewDemo1Tests" */ = {
			isa = XCConfigurationList;
			buildConfigurations = (
				6E0562DF27F35406009E06C1 /* Debug */,
				6E0562E027F35406009E06C1 /* Release */,
			);
			defaultConfigurationIsVisible = 0;
			defaultConfigurationName = Release;
		};
		6E0562E127F35406009E06C1 /* Build configuration list for PBXNativeTarget "TableViewDemo1UITests" */ = {
			isa = XCConfigurationList;
			buildConfigurations = (
				6E0562E227F35406009E06C1 /* Debug */,
				6E0562E327F35406009E06C1 /* Release */,
			);
			defaultConfigurationIsVisible = 0;
			defaultConfigurationName = Release;
		};
/* End XCConfigurationList section */
	};
	rootObject = 6E0562A927F35403009E06C1 /* Project object */;
}
