// !$*UTF8*$!
{
	archiveVersion = 1;
	classes = {
	};
	objectVersion = 55;
	objects = {

/* Begin PBXBuildFile section */
		6E36037527B2D05C00B0A60D /* AppDelegate.swift in Sources */ = {isa = PBXBuildFile; fileRef = 6E36037427B2D05C00B0A60D /* AppDelegate.swift */; };
		6E36037727B2D05C00B0A60D /* SceneDelegate.swift in Sources */ = {isa = PBXBuildFile; fileRef = 6E36037627B2D05C00B0A60D /* SceneDelegate.swift */; };
		6E36037927B2D05C00B0A60D /* ViewController.swift in Sources */ = {isa = PBXBuildFile; fileRef = 6E36037827B2D05C00B0A60D /* ViewController.swift */; };
		6E36037C27B2D05C00B0A60D /* Main.storyboard in Resources */ = {isa = PBXBuildFile; fileRef = 6E36037A27B2D05C00B0A60D /* Main.storyboard */; };
		6E36037E27B2D05E00B0A60D /* Assets.xcassets in Resources */ = {isa = PBXBuildFile; fileRef = 6E36037D27B2D05E00B0A60D /* Assets.xcassets */; };
		6E36038127B2D05E00B0A60D /* LaunchScreen.storyboard in Resources */ = {isa = PBXBuildFile; fileRef = 6E36037F27B2D05E00B0A60D /* LaunchScreen.storyboard */; };
		6E36038C27B2D05E00B0A60D /* OddorEvenTests.swift in Sources */ = {isa = PBXBuildFile; fileRef = 6E36038B27B2D05E00B0A60D /* OddorEvenTests.swift */; };
		6E36039627B2D05E00B0A60D /* OddorEvenUITests.swift in Sources */ = {isa = PBXBuildFile; fileRef = 6E36039527B2D05E00B0A60D /* OddorEvenUITests.swift */; };
		6E36039827B2D05E00B0A60D /* OddorEvenUITestsLaunchTests.swift in Sources */ = {isa = PBXBuildFile; fileRef = 6E36039727B2D05E00B0A60D /* OddorEvenUITestsLaunchTests.swift */; };
/* End PBXBuildFile section */

/* Begin PBXContainerItemProxy section */
		6E36038827B2D05E00B0A60D /* PBXContainerItemProxy */ = {
			isa = PBXContainerItemProxy;
			containerPortal = 6E36036927B2D05C00B0A60D /* Project object */;
			proxyType = 1;
			remoteGlobalIDString = 6E36037027B2D05C00B0A60D;
			remoteInfo = OddorEven;
		};
		6E36039227B2D05E00B0A60D /* PBXContainerItemProxy */ = {
			isa = PBXContainerItemProxy;
			containerPortal = 6E36036927B2D05C00B0A60D /* Project object */;
			proxyType = 1;
			remoteGlobalIDString = 6E36037027B2D05C00B0A60D;
			remoteInfo = OddorEven;
		};
/* End PBXContainerItemProxy section */

/* Begin PBXFileReference section */
		6E36037127B2D05C00B0A60D /* OddorEven.app */ = {isa = PBXFileReference; explicitFileType = wrapper.application; includeInIndex = 0; path = OddorEven.app; sourceTree = BUILT_PRODUCTS_DIR; };
		6E36037427B2D05C00B0A60D /* AppDelegate.swift */ = {isa = PBXFileReference; lastKnownFileType = sourcecode.swift; path = AppDelegate.swift; sourceTree = "<group>"; };
		6E36037627B2D05C00B0A60D /* SceneDelegate.swift */ = {isa = PBXFileReference; lastKnownFileType = sourcecode.swift; path = SceneDelegate.swift; sourceTree = "<group>"; };
		6E36037827B2D05C00B0A60D /* ViewController.swift */ = {isa = PBXFileReference; lastKnownFileType = sourcecode.swift; path = ViewController.swift; sourceTree = "<group>"; };
		6E36037B27B2D05C00B0A60D /* Base */ = {isa = PBXFileReference; lastKnownFileType = file.storyboard; name = Base; path = Base.lproj/Main.storyboard; sourceTree = "<group>"; };
		6E36037D27B2D05E00B0A60D /* Assets.xcassets */ = {isa = PBXFileReference; lastKnownFileType = folder.assetcatalog; path = Assets.xcassets; sourceTree = "<group>"; };
		6E36038027B2D05E00B0A60D /* Base */ = {isa = PBXFileReference; lastKnownFileType = file.storyboard; name = Base; path = Base.lproj/LaunchScreen.storyboard; sourceTree = "<group>"; };
		6E36038227B2D05E00B0A60D /* Info.plist */ = {isa = PBXFileReference; lastKnownFileType = text.plist.xml; path = Info.plist; sourceTree = "<group>"; };
		6E36038727B2D05E00B0A60D /* OddorEvenTests.xctest */ = {isa = PBXFileReference; explicitFileType = wrapper.cfbundle; includeInIndex = 0; path = OddorEvenTests.xctest; sourceTree = BUILT_PRODUCTS_DIR; };
		6E36038B27B2D05E00B0A60D /* OddorEvenTests.swift */ = {isa = PBXFileReference; lastKnownFileType = sourcecode.swift; path = OddorEvenTests.swift; sourceTree = "<group>"; };
		6E36039127B2D05E00B0A60D /* OddorEvenUITests.xctest */ = {isa = PBXFileReference; explicitFileType = wrapper.cfbundle; includeInIndex = 0; path = OddorEvenUITests.xctest; sourceTree = BUILT_PRODUCTS_DIR; };
		6E36039527B2D05E00B0A60D /* OddorEvenUITests.swift */ = {isa = PBXFileReference; lastKnownFileType = sourcecode.swift; path = OddorEvenUITests.swift; sourceTree = "<group>"; };
		6E36039727B2D05E00B0A60D /* OddorEvenUITestsLaunchTests.swift */ = {isa = PBXFileReference; lastKnownFileType = sourcecode.swift; path = OddorEvenUITestsLaunchTests.swift; sourceTree = "<group>"; };
/* End PBXFileReference section */

/* Begin PBXFrameworksBuildPhase section */
		6E36036E27B2D05C00B0A60D /* Frameworks */ = {
			isa = PBXFrameworksBuildPhase;
			buildActionMask = 2147483647;
			files = (
			);
			runOnlyForDeploymentPostprocessing = 0;
		};
		6E36038427B2D05E00B0A60D /* Frameworks */ = {
			isa = PBXFrameworksBuildPhase;
			buildActionMask = 2147483647;
			files = (
			);
			runOnlyForDeploymentPostprocessing = 0;
		};
		6E36038E27B2D05E00B0A60D /* Frameworks */ = {
			isa = PBXFrameworksBuildPhase;
			buildActionMask = 2147483647;
			files = (
			);
			runOnlyForDeploymentPostprocessing = 0;
		};
/* End PBXFrameworksBuildPhase section */

/* Begin PBXGroup section */
		6E36036827B2D05C00B0A60D = {
			isa = PBXGroup;
			children = (
				6E36037327B2D05C00B0A60D /* OddorEven */,
				6E36038A27B2D05E00B0A60D /* OddorEvenTests */,
				6E36039427B2D05E00B0A60D /* OddorEvenUITests */,
				6E36037227B2D05C00B0A60D /* Products */,
			);
			sourceTree = "<group>";
		};
		6E36037227B2D05C00B0A60D /* Products */ = {
			isa = PBXGroup;
			children = (
				6E36037127B2D05C00B0A60D /* OddorEven.app */,
				6E36038727B2D05E00B0A60D /* OddorEvenTests.xctest */,
				6E36039127B2D05E00B0A60D /* OddorEvenUITests.xctest */,
			);
			name = Products;
			sourceTree = "<group>";
		};
		6E36037327B2D05C00B0A60D /* OddorEven */ = {
			isa = PBXGroup;
			children = (
				6E36037427B2D05C00B0A60D /* AppDelegate.swift */,
				6E36037627B2D05C00B0A60D /* SceneDelegate.swift */,
				6E36037827B2D05C00B0A60D /* ViewController.swift */,
				6E36037A27B2D05C00B0A60D /* Main.storyboard */,
				6E36037D27B2D05E00B0A60D /* Assets.xcassets */,
				6E36037F27B2D05E00B0A60D /* LaunchScreen.storyboard */,
				6E36038227B2D05E00B0A60D /* Info.plist */,
			);
			path = OddorEven;
			sourceTree = "<group>";
		};
		6E36038A27B2D05E00B0A60D /* OddorEvenTests */ = {
			isa = PBXGroup;
			children = (
				6E36038B27B2D05E00B0A60D /* OddorEvenTests.swift */,
			);
			path = OddorEvenTests;
			sourceTree = "<group>";
		};
		6E36039427B2D05E00B0A60D /* OddorEvenUITests */ = {
			isa = PBXGroup;
			children = (
				6E36039527B2D05E00B0A60D /* OddorEvenUITests.swift */,
				6E36039727B2D05E00B0A60D /* OddorEvenUITestsLaunchTests.swift */,
			);
			path = OddorEvenUITests;
			sourceTree = "<group>";
		};
/* End PBXGroup section */

/* Begin PBXNativeTarget section */
		6E36037027B2D05C00B0A60D /* OddorEven */ = {
			isa = PBXNativeTarget;
			buildConfigurationList = 6E36039B27B2D05E00B0A60D /* Build configuration list for PBXNativeTarget "OddorEven" */;
			buildPhases = (
				6E36036D27B2D05C00B0A60D /* Sources */,
				6E36036E27B2D05C00B0A60D /* Frameworks */,
				6E36036F27B2D05C00B0A60D /* Resources */,
			);
			buildRules = (
			);
			dependencies = (
			);
			name = OddorEven;
			productName = OddorEven;
			productReference = 6E36037127B2D05C00B0A60D /* OddorEven.app */;
			productType = "com.apple.product-type.application";
		};
		6E36038627B2D05E00B0A60D /* OddorEvenTests */ = {
			isa = PBXNativeTarget;
			buildConfigurationList = 6E36039E27B2D05E00B0A60D /* Build configuration list for PBXNativeTarget "OddorEvenTests" */;
			buildPhases = (
				6E36038327B2D05E00B0A60D /* Sources */,
				6E36038427B2D05E00B0A60D /* Frameworks */,
				6E36038527B2D05E00B0A60D /* Resources */,
			);
			buildRules = (
			);
			dependencies = (
				6E36038927B2D05E00B0A60D /* PBXTargetDependency */,
			);
			name = OddorEvenTests;
			productName = OddorEvenTests;
			productReference = 6E36038727B2D05E00B0A60D /* OddorEvenTests.xctest */;
			productType = "com.apple.product-type.bundle.unit-test";
		};
		6E36039027B2D05E00B0A60D /* OddorEvenUITests */ = {
			isa = PBXNativeTarget;
			buildConfigurationList = 6E3603A127B2D05E00B0A60D /* Build configuration list for PBXNativeTarget "OddorEvenUITests" */;
			buildPhases = (
				6E36038D27B2D05E00B0A60D /* Sources */,
				6E36038E27B2D05E00B0A60D /* Frameworks */,
				6E36038F27B2D05E00B0A60D /* Resources */,
			);
			buildRules = (
			);
			dependencies = (
				6E36039327B2D05E00B0A60D /* PBXTargetDependency */,
			);
			name = OddorEvenUITests;
			productName = OddorEvenUITests;
			productReference = 6E36039127B2D05E00B0A60D /* OddorEvenUITests.xctest */;
			productType = "com.apple.product-type.bundle.ui-testing";
		};
/* End PBXNativeTarget section */

/* Begin PBXProject section */
		6E36036927B2D05C00B0A60D /* Project object */ = {
			isa = PBXProject;
			attributes = {
				BuildIndependentTargetsInParallel = 1;
				LastSwiftUpdateCheck = 1320;
				LastUpgradeCheck = 1320;
				TargetAttributes = {
					6E36037027B2D05C00B0A60D = {
						CreatedOnToolsVersion = 13.2.1;
					};
					6E36038627B2D05E00B0A60D = {
						CreatedOnToolsVersion = 13.2.1;
						TestTargetID = 6E36037027B2D05C00B0A60D;
					};
					6E36039027B2D05E00B0A60D = {
						CreatedOnToolsVersion = 13.2.1;
						TestTargetID = 6E36037027B2D05C00B0A60D;
					};
				};
			};
			buildConfigurationList = 6E36036C27B2D05C00B0A60D /* Build configuration list for PBXProject "OddorEven" */;
			compatibilityVersion = "Xcode 13.0";
			developmentRegion = en;
			hasScannedForEncodings = 0;
			knownRegions = (
				en,
				Base,
			);
			mainGroup = 6E36036827B2D05C00B0A60D;
			productRefGroup = 6E36037227B2D05C00B0A60D /* Products */;
			projectDirPath = "";
			projectRoot = "";
			targets = (
				6E36037027B2D05C00B0A60D /* OddorEven */,
				6E36038627B2D05E00B0A60D /* OddorEvenTests */,
				6E36039027B2D05E00B0A60D /* OddorEvenUITests */,
			);
		};
/* End PBXProject section */

/* Begin PBXResourcesBuildPhase section */
		6E36036F27B2D05C00B0A60D /* Resources */ = {
			isa = PBXResourcesBuildPhase;
			buildActionMask = 2147483647;
			files = (
				6E36038127B2D05E00B0A60D /* LaunchScreen.storyboard in Resources */,
				6E36037E27B2D05E00B0A60D /* Assets.xcassets in Resources */,
				6E36037C27B2D05C00B0A60D /* Main.storyboard in Resources */,
			);
			runOnlyForDeploymentPostprocessing = 0;
		};
		6E36038527B2D05E00B0A60D /* Resources */ = {
			isa = PBXResourcesBuildPhase;
			buildActionMask = 2147483647;
			files = (
			);
			runOnlyForDeploymentPostprocessing = 0;
		};
		6E36038F27B2D05E00B0A60D /* Resources */ = {
			isa = PBXResourcesBuildPhase;
			buildActionMask = 2147483647;
			files = (
			);
			runOnlyForDeploymentPostprocessing = 0;
		};
/* End PBXResourcesBuildPhase section */

/* Begin PBXSourcesBuildPhase section */
		6E36036D27B2D05C00B0A60D /* Sources */ = {
			isa = PBXSourcesBuildPhase;
			buildActionMask = 2147483647;
			files = (
				6E36037927B2D05C00B0A60D /* ViewController.swift in Sources */,
				6E36037527B2D05C00B0A60D /* AppDelegate.swift in Sources */,
				6E36037727B2D05C00B0A60D /* SceneDelegate.swift in Sources */,
			);
			runOnlyForDeploymentPostprocessing = 0;
		};
		6E36038327B2D05E00B0A60D /* Sources */ = {
			isa = PBXSourcesBuildPhase;
			buildActionMask = 2147483647;
			files = (
				6E36038C27B2D05E00B0A60D /* OddorEvenTests.swift in Sources */,
			);
			runOnlyForDeploymentPostprocessing = 0;
		};
		6E36038D27B2D05E00B0A60D /* Sources */ = {
			isa = PBXSourcesBuildPhase;
			buildActionMask = 2147483647;
			files = (
				6E36039627B2D05E00B0A60D /* OddorEvenUITests.swift in Sources */,
				6E36039827B2D05E00B0A60D /* OddorEvenUITestsLaunchTests.swift in Sources */,
			);
			runOnlyForDeploymentPostprocessing = 0;
		};
/* End PBXSourcesBuildPhase section */

/* Begin PBXTargetDependency section */
		6E36038927B2D05E00B0A60D /* PBXTargetDependency */ = {
			isa = PBXTargetDependency;
			target = 6E36037027B2D05C00B0A60D /* OddorEven */;
			targetProxy = 6E36038827B2D05E00B0A60D /* PBXContainerItemProxy */;
		};
		6E36039327B2D05E00B0A60D /* PBXTargetDependency */ = {
			isa = PBXTargetDependency;
			target = 6E36037027B2D05C00B0A60D /* OddorEven */;
			targetProxy = 6E36039227B2D05E00B0A60D /* PBXContainerItemProxy */;
		};
/* End PBXTargetDependency section */

/* Begin PBXVariantGroup section */
		6E36037A27B2D05C00B0A60D /* Main.storyboard */ = {
			isa = PBXVariantGroup;
			children = (
				6E36037B27B2D05C00B0A60D /* Base */,
			);
			name = Main.storyboard;
			sourceTree = "<group>";
		};
		6E36037F27B2D05E00B0A60D /* LaunchScreen.storyboard */ = {
			isa = PBXVariantGroup;
			children = (
				6E36038027B2D05E00B0A60D /* Base */,
			);
			name = LaunchScreen.storyboard;
			sourceTree = "<group>";
		};
/* End PBXVariantGroup section */

/* Begin XCBuildConfiguration section */
		6E36039927B2D05E00B0A60D /* Debug */ = {
			isa = XCBuildConfiguration;
			buildSettings = {
				ALWAYS_SEARCH_USER_PATHS = NO;
				CLANG_ANALYZER_NONNULL = YES;
				CLANG_ANALYZER_NUMBER_OBJECT_CONVERSION = YES_AGGRESSIVE;
				CLANG_CXX_LANGUAGE_STANDARD = "gnu++17";
				CLANG_CXX_LIBRARY = "libc++";
				CLANG_ENABLE_MODULES = YES;
				CLANG_ENABLE_OBJC_ARC = YES;
				CLANG_ENABLE_OBJC_WEAK = YES;
				CLANG_WARN_BLOCK_CAPTURE_AUTORELEASING = YES;
				CLANG_WARN_BOOL_CONVERSION = YES;
				CLANG_WARN_COMMA = YES;
				CLANG_WARN_CONSTANT_CONVERSION = YES;
				CLANG_WARN_DEPRECATED_OBJC_IMPLEMENTATIONS = YES;
				CLANG_WARN_DIRECT_OBJC_ISA_USAGE = YES_ERROR;
				CLANG_WARN_DOCUMENTATION_COMMENTS = YES;
				CLANG_WARN_EMPTY_BODY = YES;
				CLANG_WARN_ENUM_CONVERSION = YES;
				CLANG_WARN_INFINITE_RECURSION = YES;
				CLANG_WARN_INT_CONVERSION = YES;
				CLANG_WARN_NON_LITERAL_NULL_CONVERSION = YES;
				CLANG_WARN_OBJC_IMPLICIT_RETAIN_SELF = YES;
				CLANG_WARN_OBJC_LITERAL_CONVERSION = YES;
				CLANG_WARN_OBJC_ROOT_CLASS = YES_ERROR;
				CLANG_WARN_QUOTED_INCLUDE_IN_FRAMEWORK_HEADER = YES;
				CLANG_WARN_RANGE_LOOP_ANALYSIS = YES;
				CLANG_WARN_STRICT_PROTOTYPES = YES;
				CLANG_WARN_SUSPICIOUS_MOVE = YES;
				CLANG_WARN_UNGUARDED_AVAILABILITY = YES_AGGRESSIVE;
				CLANG_WARN_UNREACHABLE_CODE = YES;
				CLANG_WARN__DUPLICATE_METHOD_MATCH = YES;
				COPY_PHASE_STRIP = NO;
				DEBUG_INFORMATION_FORMAT = dwarf;
				ENABLE_STRICT_OBJC_MSGSEND = YES;
				ENABLE_TESTABILITY = YES;
				GCC_C_LANGUAGE_STANDARD = gnu11;
				GCC_DYNAMIC_NO_PIC = NO;
				GCC_NO_COMMON_BLOCKS = YES;
				GCC_OPTIMIZATION_LEVEL = 0;
				GCC_PREPROCESSOR_DEFINITIONS = (
					"DEBUG=1",
					"$(inherited)",
				);
				GCC_WARN_64_TO_32_BIT_CONVERSION = YES;
				GCC_WARN_ABOUT_RETURN_TYPE = YES_ERROR;
				GCC_WARN_UNDECLARED_SELECTOR = YES;
				GCC_WARN_UNINITIALIZED_AUTOS = YES_AGGRESSIVE;
				GCC_WARN_UNUSED_FUNCTION = YES;
				GCC_WARN_UNUSED_VARIABLE = YES;
				IPHONEOS_DEPLOYMENT_TARGET = 15.2;
				MTL_ENABLE_DEBUG_INFO = INCLUDE_SOURCE;
				MTL_FAST_MATH = YES;
				ONLY_ACTIVE_ARCH = YES;
				SDKROOT = iphoneos;
				SWIFT_ACTIVE_COMPILATION_CONDITIONS = DEBUG;
				SWIFT_OPTIMIZATION_LEVEL = "-Onone";
			};
			name = Debug;
		};
		6E36039A27B2D05E00B0A60D /* Release */ = {
			isa = XCBuildConfiguration;
			buildSettings = {
				ALWAYS_SEARCH_USER_PATHS = NO;
				CLANG_ANALYZER_NONNULL = YES;
				CLANG_ANALYZER_NUMBER_OBJECT_CONVERSION = YES_AGGRESSIVE;
				CLANG_CXX_LANGUAGE_STANDARD = "gnu++17";
				CLANG_CXX_LIBRARY = "libc++";
				CLANG_ENABLE_MODULES = YES;
				CLANG_ENABLE_OBJC_ARC = YES;
				CLANG_ENABLE_OBJC_WEAK = YES;
				CLANG_WARN_BLOCK_CAPTURE_AUTORELEASING = YES;
				CLANG_WARN_BOOL_CONVERSION = YES;
				CLANG_WARN_COMMA = YES;
				CLANG_WARN_CONSTANT_CONVERSION = YES;
				CLANG_WARN_DEPRECATED_OBJC_IMPLEMENTATIONS = YES;
				CLANG_WARN_DIRECT_OBJC_ISA_USAGE = YES_ERROR;
				CLANG_WARN_DOCUMENTATION_COMMENTS = YES;
				CLANG_WARN_EMPTY_BODY = YES;
				CLANG_WARN_ENUM_CONVERSION = YES;
				CLANG_WARN_INFINITE_RECURSION = YES;
				CLANG_WARN_INT_CONVERSION = YES;
				CLANG_WARN_NON_LITERAL_NULL_CONVERSION = YES;
				CLANG_WARN_OBJC_IMPLICIT_RETAIN_SELF = YES;
				CLANG_WARN_OBJC_LITERAL_CONVERSION = YES;
				CLANG_WARN_OBJC_ROOT_CLASS = YES_ERROR;
				CLANG_WARN_QUOTED_INCLUDE_IN_FRAMEWORK_HEADER = YES;
				CLANG_WARN_RANGE_LOOP_ANALYSIS = YES;
				CLANG_WARN_STRICT_PROTOTYPES = YES;
				CLANG_WARN_SUSPICIOUS_MOVE = YES;
				CLANG_WARN_UNGUARDED_AVAILABILITY = YES_AGGRESSIVE;
				CLANG_WARN_UNREACHABLE_CODE = YES;
				CLANG_WARN__DUPLICATE_METHOD_MATCH = YES;
				COPY_PHASE_STRIP = NO;
				DEBUG_INFORMATION_FORMAT = "dwarf-with-dsym";
				ENABLE_NS_ASSERTIONS = NO;
				ENABLE_STRICT_OBJC_MSGSEND = YES;
				GCC_C_LANGUAGE_STANDARD = gnu11;
				GCC_NO_COMMON_BLOCKS = YES;
				GCC_WARN_64_TO_32_BIT_CONVERSION = YES;
				GCC_WARN_ABOUT_RETURN_TYPE = YES_ERROR;
				GCC_WARN_UNDECLARED_SELECTOR = YES;
				GCC_WARN_UNINITIALIZED_AUTOS = YES_AGGRESSIVE;
				GCC_WARN_UNUSED_FUNCTION = YES;
				GCC_WARN_UNUSED_VARIABLE = YES;
				IPHONEOS_DEPLOYMENT_TARGET = 15.2;
				MTL_ENABLE_DEBUG_INFO = NO;
				MTL_FAST_MATH = YES;
				SDKROOT = iphoneos;
				SWIFT_COMPILATION_MODE = wholemodule;
				SWIFT_OPTIMIZATION_LEVEL = "-O";
				VALIDATE_PRODUCT = YES;
			};
			name = Release;
		};
		6E36039C27B2D05E00B0A60D /* Debug */ = {
			isa = XCBuildConfiguration;
			buildSettings = {
				ASSETCATALOG_COMPILER_APPICON_NAME = AppIcon;
				ASSETCATALOG_COMPILER_GLOBAL_ACCENT_COLOR_NAME = AccentColor;
				CODE_SIGN_STYLE = Automatic;
				CURRENT_PROJECT_VERSION = 1;
				GENERATE_INFOPLIST_FILE = YES;
				INFOPLIST_FILE = OddorEven/Info.plist;
				INFOPLIST_KEY_CFBundleDisplayName = OfforEven;
				INFOPLIST_KEY_UIApplicationSupportsIndirectInputEvents = YES;
				INFOPLIST_KEY_UILaunchStoryboardName = LaunchScreen;
				INFOPLIST_KEY_UIMainStoryboardFile = Main;
				INFOPLIST_KEY_UISupportedInterfaceOrientations_iPad = "UIInterfaceOrientationPortrait UIInterfaceOrientationPortraitUpsideDown UIInterfaceOrientationLandscapeLeft UIInterfaceOrientationLandscapeRight";
				INFOPLIST_KEY_UISupportedInterfaceOrientations_iPhone = "UIInterfaceOrientationPortrait UIInterfaceOrientationLandscapeLeft UIInterfaceOrientationLandscapeRight";
				LD_RUNPATH_SEARCH_PATHS = (
					"$(inherited)",
					"@executable_path/Frameworks",
				);
				MARKETING_VERSION = 1.0;
				PRODUCT_BUNDLE_IDENTIFIER = nwmsu.OddorEven;
				PRODUCT_NAME = "$(TARGET_NAME)";
				SWIFT_EMIT_LOC_STRINGS = YES;
				SWIFT_VERSION = 5.0;
				TARGETED_DEVICE_FAMILY = "1,2";
			};
			name = Debug;
		};
		6E36039D27B2D05E00B0A60D /* Release */ = {
			isa = XCBuildConfiguration;
			buildSettings = {
				ASSETCATALOG_COMPILER_APPICON_NAME = AppIcon;
				ASSETCATALOG_COMPILER_GLOBAL_ACCENT_COLOR_NAME = AccentColor;
				CODE_SIGN_STYLE = Automatic;
				CURRENT_PROJECT_VERSION = 1;
				GENERATE_INFOPLIST_FILE = YES;
				INFOPLIST_FILE = OddorEven/Info.plist;
				INFOPLIST_KEY_CFBundleDisplayName = OfforEven;
				INFOPLIST_KEY_UIApplicationSupportsIndirectInputEvents = YES;
				INFOPLIST_KEY_UILaunchStoryboardName = LaunchScreen;
				INFOPLIST_KEY_UIMainStoryboardFile = Main;
				INFOPLIST_KEY_UISupportedInterfaceOrientations_iPad = "UIInterfaceOrientationPortrait UIInterfaceOrientationPortraitUpsideDown UIInterfaceOrientationLandscapeLeft UIInterfaceOrientationLandscapeRight";
				INFOPLIST_KEY_UISupportedInterfaceOrientations_iPhone = "UIInterfaceOrientationPortrait UIInterfaceOrientationLandscapeLeft UIInterfaceOrientationLandscapeRight";
				LD_RUNPATH_SEARCH_PATHS = (
					"$(inherited)",
					"@executable_path/Frameworks",
				);
				MARKETING_VERSION = 1.0;
				PRODUCT_BUNDLE_IDENTIFIER = nwmsu.OddorEven;
				PRODUCT_NAME = "$(TARGET_NAME)";
				SWIFT_EMIT_LOC_STRINGS = YES;
				SWIFT_VERSION = 5.0;
				TARGETED_DEVICE_FAMILY = "1,2";
			};
			name = Release;
		};
		6E36039F27B2D05E00B0A60D /* Debug */ = {
			isa = XCBuildConfiguration;
			buildSettings = {
				ALWAYS_EMBED_SWIFT_STANDARD_LIBRARIES = YES;
				BUNDLE_LOADER = "$(TEST_HOST)";
				CODE_SIGN_STYLE = Automatic;
				CURRENT_PROJECT_VERSION = 1;
				GENERATE_INFOPLIST_FILE = YES;
				IPHONEOS_DEPLOYMENT_TARGET = 15.2;
				MARKETING_VERSION = 1.0;
				PRODUCT_BUNDLE_IDENTIFIER = nwmsu.OddorEvenTests;
				PRODUCT_NAME = "$(TARGET_NAME)";
				SWIFT_EMIT_LOC_STRINGS = NO;
				SWIFT_VERSION = 5.0;
				TARGETED_DEVICE_FAMILY = "1,2";
				TEST_HOST = "$(BUILT_PRODUCTS_DIR)/OddorEven.app/OddorEven";
			};
			name = Debug;
		};
		6E3603A027B2D05E00B0A60D /* Release */ = {
			isa = XCBuildConfiguration;
			buildSettings = {
				ALWAYS_EMBED_SWIFT_STANDARD_LIBRARIES = YES;
				BUNDLE_LOADER = "$(TEST_HOST)";
				CODE_SIGN_STYLE = Automatic;
				CURRENT_PROJECT_VERSION = 1;
				GENERATE_INFOPLIST_FILE = YES;
				IPHONEOS_DEPLOYMENT_TARGET = 15.2;
				MARKETING_VERSION = 1.0;
				PRODUCT_BUNDLE_IDENTIFIER = nwmsu.OddorEvenTests;
				PRODUCT_NAME = "$(TARGET_NAME)";
				SWIFT_EMIT_LOC_STRINGS = NO;
				SWIFT_VERSION = 5.0;
				TARGETED_DEVICE_FAMILY = "1,2";
				TEST_HOST = "$(BUILT_PRODUCTS_DIR)/OddorEven.app/OddorEven";
			};
			name = Release;
		};
		6E3603A227B2D05E00B0A60D /* Debug */ = {
			isa = XCBuildConfiguration;
			buildSettings = {
				ALWAYS_EMBED_SWIFT_STANDARD_LIBRARIES = YES;
				CODE_SIGN_STYLE = Automatic;
				CURRENT_PROJECT_VERSION = 1;
				GENERATE_INFOPLIST_FILE = YES;
				MARKETING_VERSION = 1.0;
				PRODUCT_BUNDLE_IDENTIFIER = nwmsu.OddorEvenUITests;
				PRODUCT_NAME = "$(TARGET_NAME)";
				SWIFT_EMIT_LOC_STRINGS = NO;
				SWIFT_VERSION = 5.0;
				TARGETED_DEVICE_FAMILY = "1,2";
				TEST_TARGET_NAME = OddorEven;
			};
			name = Debug;
		};
		6E3603A327B2D05E00B0A60D /* Release */ = {
			isa = XCBuildConfiguration;
			buildSettings = {
				ALWAYS_EMBED_SWIFT_STANDARD_LIBRARIES = YES;
				CODE_SIGN_STYLE = Automatic;
				CURRENT_PROJECT_VERSION = 1;
				GENERATE_INFOPLIST_FILE = YES;
				MARKETING_VERSION = 1.0;
				PRODUCT_BUNDLE_IDENTIFIER = nwmsu.OddorEvenUITests;
				PRODUCT_NAME = "$(TARGET_NAME)";
				SWIFT_EMIT_LOC_STRINGS = NO;
				SWIFT_VERSION = 5.0;
				TARGETED_DEVICE_FAMILY = "1,2";
				TEST_TARGET_NAME = OddorEven;
			};
			name = Release;
		};
/* End XCBuildConfiguration section */

/* Begin XCConfigurationList section */
		6E36036C27B2D05C00B0A60D /* Build configuration list for PBXProject "OddorEven" */ = {
			isa = XCConfigurationList;
			buildConfigurations = (
				6E36039927B2D05E00B0A60D /* Debug */,
				6E36039A27B2D05E00B0A60D /* Release */,
			);
			defaultConfigurationIsVisible = 0;
			defaultConfigurationName = Release;
		};
		6E36039B27B2D05E00B0A60D /* Build configuration list for PBXNativeTarget "OddorEven" */ = {
			isa = XCConfigurationList;
			buildConfigurations = (
				6E36039C27B2D05E00B0A60D /* Debug */,
				6E36039D27B2D05E00B0A60D /* Release */,
			);
			defaultConfigurationIsVisible = 0;
			defaultConfigurationName = Release;
		};
		6E36039E27B2D05E00B0A60D /* Build configuration list for PBXNativeTarget "OddorEvenTests" */ = {
			isa = XCConfigurationList;
			buildConfigurations = (
				6E36039F27B2D05E00B0A60D /* Debug */,
				6E3603A027B2D05E00B0A60D /* Release */,
			);
			defaultConfigurationIsVisible = 0;
			defaultConfigurationName = Release;
		};
		6E3603A127B2D05E00B0A60D /* Build configuration list for PBXNativeTarget "OddorEvenUITests" */ = {
			isa = XCConfigurationList;
			buildConfigurations = (
				6E3603A227B2D05E00B0A60D /* Debug */,
				6E3603A327B2D05E00B0A60D /* Release */,
			);
			defaultConfigurationIsVisible = 0;
			defaultConfigurationName = Release;
		};
/* End XCConfigurationList section */
	};
	rootObject = 6E36036927B2D05C00B0A60D /* Project object */;
}
